
Microsoft Visual Studio Solution File, Format Version 12.00
# Visual Studio Version 17
VisualStudioVersion = 17.14.36623.8
MinimumVisualStudioVersion = 10.0.40219.1
Project("{FAE04EC0-301F-11D3-BF4B-00C04F79EFBC}") = "GameTests", "GameTests.csproj", "{E5DA45D8-E097-4865-8AA7-0260DA9DD851}"
EndProject
Project("{FAE04EC0-301F-11D3-BF4B-00C04F79EFBC}") = "GameCore", "..\GameCore\GameCore.csproj", "{B8DC5FFD-E434-1F41-E47C-C6C9043B0FF9}"
EndProject
Project("{FAE04EC0-301F-11D3-BF4B-00C04F79EFBC}") = "GameAI", "..\GameAI\GameAI.csproj", "{24189DDA-C0FC-AD55-2CF2-AB7FCAF13655}"
EndProject
Global
	GlobalSection(SolutionConfigurationPlatforms) = preSolution
		Debug|Any CPU = Debug|Any CPU
		Release|Any CPU = Release|Any CPU
	EndGlobalSection
	GlobalSection(ProjectConfigurationPlatforms) = postSolution
		{E5DA45D8-E097-4865-8AA7-0260DA9DD851}.Debug|Any CPU.ActiveCfg = Debug|Any CPU
		{E5DA45D8-E097-4865-8AA7-0260DA9DD851}.Debug|Any CPU.Build.0 = Debug|Any CPU
		{E5DA45D8-E097-4865-8AA7-0260DA9DD851}.Release|Any CPU.ActiveCfg = Release|Any CPU
		{E5DA45D8-E097-4865-8AA7-0260DA9DD851}.Release|Any CPU.Build.0 = Release|Any CPU
		{B8DC5FFD-E434-1F41-E47C-C6C9043B0FF9}.Debug|Any CPU.ActiveCfg = Debug|Any CPU
		{B8DC5FFD-E434-1F41-E47C-C6C9043B0FF9}.Debug|Any CPU.Build.0 = Debug|Any CPU
		{B8DC5FFD-E434-1F41-E47C-C6C9043B0FF9}.Release|Any CPU.ActiveCfg = Release|Any CPU
		{B8DC5FFD-E434-1F41-E47C-C6C9043B0FF9}.Release|Any CPU.Build.0 = Release|Any CPU
		{24189DDA-C0FC-AD55-2CF2-AB7FCAF13655}.Debug|Any CPU.ActiveCfg = Debug|Any CPU
		{24189DDA-C0FC-AD55-2CF2-AB7FCAF13655}.Debug|Any CPU.Build.0 = Debug|Any CPU
		{24189DDA-C0FC-AD55-2CF2-AB7FCAF13655}.Release|Any CPU.ActiveCfg = Release|Any CPU
		{24189DDA-C0FC-AD55-2CF2-AB7FCAF13655}.Release|Any CPU.Build.0 = Release|Any CPU
	EndGlobalSection
	GlobalSection(SolutionProperties) = preSolution
		HideSolutionNode = FALSE
	EndGlobalSection
	GlobalSection(ExtensibilityGlobals) = postSolution
		SolutionGuid = {47A8AA69-4563-4DE6-8725-697F3DCA951D}
	EndGlobalSection
EndGlobal
