
Microsoft Visual Studio Solution File, Format Version 12.00
# Visual Studio Version 17
VisualStudioVersion = 17.14.36908.2
MinimumVisualStudioVersion = 10.0.40219.1
Project("{FAE04EC0-301F-11D3-BF4B-00C04F79EFBC}") = "GameAI", "GameAI.csproj", "{093D2EA1-E539-48AA-948E-22DA7C1EAC86}"
EndProject
Project("{FAE04EC0-301F-11D3-BF4B-00C04F79EFBC}") = "GameCore", "..\GameCore\GameCore.csproj", "{B8DC5FFD-E434-1F41-E47C-C6C9043B0FF9}"
EndProject
Global
	GlobalSection(SolutionConfigurationPlatforms) = preSolution
		Debug|Any CPU = Debug|Any CPU
		Release|Any CPU = Release|Any CPU
	EndGlobalSection
	GlobalSection(ProjectConfigurationPlatforms) = postSolution
		{093D2EA1-E539-48AA-948E-22DA7C1EAC86}.Debug|Any CPU.ActiveCfg = Debug|Any CPU
		{093D2EA1-E539-48AA-948E-22DA7C1EAC86}.Debug|Any CPU.Build.0 = Debug|Any CPU
		{093D2EA1-E539-48AA-948E-22DA7C1EAC86}.Release|Any CPU.ActiveCfg = Release|Any CPU
		{093D2EA1-E539-48AA-948E-22DA7C1EAC86}.Release|Any CPU.Build.0 = Release|Any CPU
		{B8DC5FFD-E434-1F41-E47C-C6C9043B0FF9}.Debug|Any CPU.ActiveCfg = Debug|Any CPU
		{B8DC5FFD-E434-1F41-E47C-C6C9043B0FF9}.Debug|Any CPU.Build.0 = Debug|Any CPU
		{B8DC5FFD-E434-1F41-E47C-C6C9043B0FF9}.Release|Any CPU.ActiveCfg = Release|Any CPU
		{B8DC5FFD-E434-1F41-E47C-C6C9043B0FF9}.Release|Any CPU.Build.0 = Release|Any CPU
	EndGlobalSection
	GlobalSection(SolutionProperties) = preSolution
		HideSolutionNode = FALSE
	EndGlobalSection
	GlobalSection(ExtensibilityGlobals) = postSolution
		SolutionGuid = {98B64CEE-F243-41BC-92BE-E9BFBE69FFE7}
	EndGlobalSection
EndGlobal
